<?xml version="1.0" encoding="utf-8"?>
<Project ToolsVersion="4.0" xmlns="http://schemas.microsoft.com/developer/msbuild/2003">
  <ItemGroup>
    <Filter Include="Resource Files">
      <UniqueIdentifier>{67DA6AB6-F800-4c08-8B7A-83BB121AAD01}</UniqueIdentifier>
      <Extensions>rc;ico;cur;bmp;dlg;rc2;rct;bin;rgs;gif;jpg;jpeg;jpe;resx;tiff;tif;png;wav;mfcribbon-ms</Extensions>
    </Filter>
    <Filter Include="Game">
      <UniqueIdentifier>{1d544530-0d50-41cd-8df7-4627c5f3c8fd}</UniqueIdentifier>
    </Filter>
    <Filter Include="Engine">
      <UniqueIdentifier>{09bf590e-b896-41aa-9b47-08357a890767}</UniqueIdentifier>
    </Filter>
    <Filter Include="Game\Levels">
      <UniqueIdentifier>{50d3a92a-0a89-4552-bd50-ebf9b093ef65}</UniqueIdentifier>
    </Filter>
    <Filter Include="Engine\SceneGraph">
      <UniqueIdentifier>{c18be46d-02d9-4230-9ea5-485001e0dae5}</UniqueIdentifier>
    </Filter>
    <Filter Include="Engine\Components">
      <UniqueIdentifier>{1f5ba9d2-b3ed-495f-8e64-a75eaf7b74ef}</UniqueIdentifier>
    </Filter>
    <Filter Include="Engine\Helper">
      <UniqueIdentifier>{6cea9037-e0e2-4f28-8307-470352c6522d}</UniqueIdentifier>
    </Filter>
    <Filter Include="Engine\Main">
      <UniqueIdentifier>{75385e52-2fdd-49dc-ba02-622b60c4c540}</UniqueIdentifier>
    </Filter>
    <Filter Include="Game\PacMan&amp;Ghost">
      <UniqueIdentifier>{4c0d9efb-9e7a-4883-8d87-c4158f96b4b5}</UniqueIdentifier>
    </Filter>
  </ItemGroup>
  <ItemGroup>
    <ClInclude Include="SceneObject.h">
      <Filter>Engine\SceneGraph</Filter>
    </ClInclude>
    <ClInclude Include="SceneManager.h">
      <Filter>Engine\SceneGraph</Filter>
    </ClInclude>
    <ClInclude Include="Scene.h">
      <Filter>Engine\SceneGraph</Filter>
    </ClInclude>
    <ClInclude Include="ComponentBase.h">
      <Filter>Engine\Components</Filter>
    </ClInclude>
    <ClInclude Include="TransformComponent.h">
      <Filter>Engine\Components</Filter>
    </ClInclude>
    <ClInclude Include="Structs.h">
      <Filter>Engine\Helper</Filter>
    </ClInclude>
    <ClInclude Include="TextComponent.h">
      <Filter>Engine\Components</Filter>
    </ClInclude>
    <ClInclude Include="TextureComponent.h">
      <Filter>Engine\Components</Filter>
    </ClInclude>
    <ClInclude Include="Level1.h">
      <Filter>Game\Levels</Filter>
    </ClInclude>
    <ClInclude Include="MovementComponent.h">
      <Filter>Game\PacMan&amp;Ghost</Filter>
    </ClInclude>
    <ClInclude Include="InputComponent.h">
      <Filter>Engine\Components</Filter>
    </ClInclude>
    <ClInclude Include="InputComponentPacman.h">
      <Filter>Game\PacMan&amp;Ghost</Filter>
    </ClInclude>
    <ClInclude Include="BaseCommand.h">
      <Filter>Engine\Main</Filter>
    </ClInclude>
    <ClInclude Include="Controller.h">
      <Filter>Engine\Main</Filter>
    </ClInclude>
    <ClInclude Include="Font.h">
      <Filter>Engine\Main</Filter>
    </ClInclude>
    <ClInclude Include="InputManager.h">
      <Filter>Engine\Main</Filter>
    </ClInclude>
    <ClInclude Include="Log.h">
      <Filter>Engine\Main</Filter>
    </ClInclude>
    <ClInclude Include="Minigin.h">
      <Filter>Engine\Main</Filter>
    </ClInclude>
    <ClInclude Include="MiniginPCH.h">
      <Filter>Engine\Main</Filter>
    </ClInclude>
    <ClInclude Include="Renderer.h">
      <Filter>Engine\Main</Filter>
    </ClInclude>
    <ClInclude Include="ResourceManager.h">
      <Filter>Engine\Main</Filter>
    </ClInclude>
    <ClInclude Include="Singleton.h">
      <Filter>Engine\Main</Filter>
    </ClInclude>
    <ClInclude Include="targetver.h">
      <Filter>Engine\Main</Filter>
    </ClInclude>
    <ClInclude Include="Texture2D.h">
      <Filter>Engine\Main</Filter>
    </ClInclude>
    <ClInclude Include="Helper.h">
      <Filter>Engine\Helper</Filter>
    </ClInclude>
    <ClInclude Include="HealthAndScoreComponent.h">
      <Filter>Game\PacMan&amp;Ghost</Filter>
    </ClInclude>
    <ClInclude Include="Commands.h">
      <Filter>Game\PacMan&amp;Ghost</Filter>
    </ClInclude>
    <ClInclude Include="ThreadWrapper.h">
      <Filter>Engine\Main</Filter>
    </ClInclude>
    <ClInclude Include="GhostAIComponent.h">
      <Filter>Game\PacMan&amp;Ghost</Filter>
    </ClInclude>
    <ClInclude Include="StartLevel.h">
      <Filter>Game\Levels</Filter>
    </ClInclude>
    <ClInclude Include="GameData.h">
      <Filter>Game\PacMan&amp;Ghost</Filter>
    </ClInclude>
    <ClInclude Include="PacManGhostState.h">
      <Filter>Game\PacMan&amp;Ghost</Filter>
    </ClInclude>
  </ItemGroup>
  <ItemGroup>
    <ClCompile Include="Scene.cpp">
      <Filter>Engine\SceneGraph</Filter>
    </ClCompile>
    <ClCompile Include="SceneManager.cpp">
      <Filter>Engine\SceneGraph</Filter>
    </ClCompile>
    <ClCompile Include="TransformComponent.cpp">
      <Filter>Engine\Components</Filter>
    </ClCompile>
    <ClCompile Include="TextComponent.cpp">
      <Filter>Engine\Components</Filter>
    </ClCompile>
    <ClCompile Include="TextureComponent.cpp">
      <Filter>Engine\Components</Filter>
    </ClCompile>
    <ClCompile Include="Structs.cpp">
      <Filter>Engine\Helper</Filter>
    </ClCompile>
    <ClCompile Include="SceneObject.cpp">
      <Filter>Engine\SceneGraph</Filter>
    </ClCompile>
    <ClCompile Include="ComponentBase.cpp">
      <Filter>Engine\Components</Filter>
    </ClCompile>
    <ClCompile Include="Level1.cpp">
      <Filter>Game\Levels</Filter>
    </ClCompile>
    <ClCompile Include="MovementComponent.cpp">
      <Filter>Game\PacMan&amp;Ghost</Filter>
    </ClCompile>
    <ClCompile Include="InputComponent.cpp">
      <Filter>Engine\Components</Filter>
    </ClCompile>
    <ClCompile Include="InputComponentPacman.cpp">
      <Filter>Game\PacMan&amp;Ghost</Filter>
    </ClCompile>
    <ClCompile Include="BaseCommand.cpp">
      <Filter>Engine\Main</Filter>
    </ClCompile>
    <ClCompile Include="Controller.cpp">
      <Filter>Engine\Main</Filter>
    </ClCompile>
    <ClCompile Include="Font.cpp">
      <Filter>Engine\Main</Filter>
    </ClCompile>
    <ClCompile Include="InputManager.cpp">
      <Filter>Engine\Main</Filter>
    </ClCompile>
    <ClCompile Include="Log.cpp">
      <Filter>Engine\Main</Filter>
    </ClCompile>
    <ClCompile Include="Main.cpp">
      <Filter>Engine\Main</Filter>
    </ClCompile>
    <ClCompile Include="Minigin.cpp">
      <Filter>Engine\Main</Filter>
    </ClCompile>
    <ClCompile Include="MiniginPCH.cpp">
      <Filter>Engine\Main</Filter>
    </ClCompile>
    <ClCompile Include="Renderer.cpp">
      <Filter>Engine\Main</Filter>
    </ClCompile>
    <ClCompile Include="ResourceManager.cpp">
      <Filter>Engine\Main</Filter>
    </ClCompile>
    <ClCompile Include="Texture2D.cpp">
      <Filter>Engine\Main</Filter>
    </ClCompile>
    <ClCompile Include="Helper.cpp">
      <Filter>Engine\Helper</Filter>
    </ClCompile>
    <ClCompile Include="HealthAndScoreComponent.cpp">
      <Filter>Game\PacMan&amp;Ghost</Filter>
    </ClCompile>
    <ClCompile Include="Commands.cpp">
      <Filter>Game\PacMan&amp;Ghost</Filter>
    </ClCompile>
    <ClCompile Include="GhostAIComponent.cpp">
      <Filter>Game\PacMan&amp;Ghost</Filter>
    </ClCompile>
    <ClCompile Include="StartLevel.cpp">
      <Filter>Game\Levels</Filter>
    </ClCompile>
    <ClCompile Include="GameData.cpp">
      <Filter>Game\PacMan&amp;Ghost</Filter>
    </ClCompile>
  </ItemGroup>
</Project>